{
  "name": "@city-ol/helpers",
  "version": "1.0.0",
  "lockfileVersion": 3,
  "requires": true,
  "packages": {
    "": {
      "name": "@city-ol/helpers",
      "version": "1.0.0",
      "license": "MIT",
      "dependencies": {
        "@turf/along": "^7.3.5",
        "@turf/bearing": "^7.3.5",
        "@turf/circle": "^7.3.5",
        "@turf/destination": "^7.3.5",
        "@turf/helpers": "^7.3.5",
        "@turf/invariant": "^7.3.5"
      },
      "devDependencies": {
        "@city-ol/types": "^1.0.0",
        "@types/geojson": "^7946.0.16",
        "@types/node": "^26.0.0",
        "typescript": "^6.0.3"
      }
    },
    "node_modules/@city-ol/types": {
      "version": "1.0.0",
      "resolved": "https://registry.npmjs.org/@city-ol/types/-/types-1.0.0.tgz",
      "integrity": "sha512-avzTbjFuytqZYZRgCo9q2Cf8NApBR+jMejcRlMKbRypuNrou1QRdHLdHQt7Qgy0v1IH7Hl0ul2uyD1IJV2+soQ==",
      "dev": true,
      "license": "MIT"
    },
    "node_modules/@turf/along": {
      "version": "7.3.5",
      "resolved": "https://registry.npmjs.org/@turf/along/-/along-7.3.5.tgz",
      "integrity": "sha512-Ee4AHV9j2Bnlm/5nm4ChY7nkwpaaMffSez9nsJ9HcMbzG+GgTkt0F5pn9d02U7YvuWqckM5lfr3kBI+w2uTz+g==",
      "license": "MIT",
      "dependencies": {
        "@turf/bearing": "7.3.5",
        "@turf/destination": "7.3.5",
        "@turf/distance": "7.3.5",
        "@turf/helpers": "7.3.5",
        "@turf/invariant": "7.3.5",
        "@types/geojson": "^7946.0.10",
        "tslib": "^2.8.1"
      },
      "funding": {
        "url": "https://opencollective.com/turf"
      }
    },
    "node_modules/@turf/bearing": {
      "version": "7.3.5",
      "resolved": "https://registry.npmjs.org/@turf/bearing/-/bearing-7.3.5.tgz",
      "integrity": "sha512-/qabIt/IuPsGlE6RukJ0zOirc6afNxoK7fK1WBNVnHuJjeOpSkW+7q1QW5XQGXBMv3odcD0ZgRR+MBiAHduYSA==",
      "license": "MIT",
      "dependencies": {
        "@turf/helpers": "7.3.5",
        "@turf/invariant": "7.3.5",
        "@types/geojson": "^7946.0.10",
        "tslib": "^2.8.1"
      },
      "funding": {
        "url": "https://opencollective.com/turf"
      }
    },
    "node_modules/@turf/circle": {
      "version": "7.3.5",
      "resolved": "https://registry.npmjs.org/@turf/circle/-/circle-7.3.5.tgz",
      "integrity": "sha512-Tse7GJrx0rxaQ5BdY6pHZ9HFPrZwRMry2yaqq94UsUyonhy1m7U2icB3Zp4M8o4XjHIGTCq9i2BYcGJram51Sw==",
      "license": "MIT",
      "dependencies": {
        "@turf/destination": "7.3.5",
        "@turf/helpers": "7.3.5",
        "@types/geojson": "^7946.0.10",
        "tslib": "^2.8.1"
      },
      "funding": {
        "url": "https://opencollective.com/turf"
      }
    },
    "node_modules/@turf/destination": {
      "version": "7.3.5",
      "resolved": "https://registry.npmjs.org/@turf/destination/-/destination-7.3.5.tgz",
      "integrity": "sha512-x6ylChhOlIbucRSw7wF6z2gSEqqQl+dE0nSH5AL/ojZkqqGYahiw+2P4A8ZMuDM6rzH+FIqRYDes0o4nSArZCw==",
      "license": "MIT",
      "dependencies": {
        "@turf/helpers": "7.3.5",
        "@turf/invariant": "7.3.5",
        "@types/geojson": "^7946.0.10",
        "tslib": "^2.8.1"
      },
      "funding": {
        "url": "https://opencollective.com/turf"
      }
    },
    "node_modules/@turf/distance": {
      "version": "7.3.5",
      "resolved": "https://registry.npmjs.org/@turf/distance/-/distance-7.3.5.tgz",
      "integrity": "sha512-uQAC63zg/l91KUxzfhqio7Ii3+UXTrPOVJScIdRj6EO6+9XHI4kC+AdyIS4cPAv14sZfJLIBxzMnzcGrss+kEA==",
      "license": "MIT",
      "dependencies": {
        "@turf/helpers": "7.3.5",
        "@turf/invariant": "7.3.5",
        "@types/geojson": "^7946.0.10",
        "tslib": "^2.8.1"
      },
      "funding": {
        "url": "https://opencollective.com/turf"
      }
    },
    "node_modules/@turf/helpers": {
      "version": "7.3.5",
      "resolved": "https://registry.npmjs.org/@turf/helpers/-/helpers-7.3.5.tgz",
      "integrity": "sha512-E/NMGV5MwbjjP7AJXBtsanC3yY8N2MQ87IGdIgkB2ji5AtBpwnH4L3gEqpYN4RlCJJWbLbzO91BbKv2waUd0eg==",
      "license": "MIT",
      "dependencies": {
        "@types/geojson": "^7946.0.10",
        "tslib": "^2.8.1"
      },
      "funding": {
        "url": "https://opencollective.com/turf"
      }
    },
    "node_modules/@turf/invariant": {
      "version": "7.3.5",
      "resolved": "https://registry.npmjs.org/@turf/invariant/-/invariant-7.3.5.tgz",
      "integrity": "sha512-ZVIvsBvjr8lO7WxC5zYNjRsjSDvyGvWkJMjuWaJjTU8x+1tmfNnw3gDX/TI2Sit83gcRYLYkNo23lB/udqx/Hg==",
      "license": "MIT",
      "dependencies": {
        "@turf/helpers": "7.3.5",
        "@types/geojson": "^7946.0.10",
        "tslib": "^2.8.1"
      },
      "funding": {
        "url": "https://opencollective.com/turf"
      }
    },
    "node_modules/@types/geojson": {
      "version": "7946.0.16",
      "resolved": "https://registry.npmjs.org/@types/geojson/-/geojson-7946.0.16.tgz",
      "integrity": "sha512-6C8nqWur3j98U6+lXDfTUWIfgvZU+EumvpHKcYjujKH7woYyLj2sUmff0tRhrqM7BohUw7Pz3ZB1jj2gW9Fvmg==",
      "license": "MIT"
    },
    "node_modules/@types/node": {
      "version": "26.0.0",
      "resolved": "https://registry.npmjs.org/@types/node/-/node-26.0.0.tgz",
      "integrity": "sha512-vf2YFi1iY9lHGwNJMs01biZFbKJkrZR1T6/MlzjhJLPdntOHLhTrDSnSVcdtvjihi4VQNlrFRIxLsDBlQpAipA==",
      "dev": true,
      "license": "MIT",
      "dependencies": {
        "undici-types": "~8.3.0"
      }
    },
    "node_modules/tslib": {
      "version": "2.8.1",
      "resolved": "https://registry.npmjs.org/tslib/-/tslib-2.8.1.tgz",
      "integrity": "sha512-oJFu94HQb+KVduSUQL7wnpmqnfmLsOA/nAh6b6EH0wCEoK0/mPeXU6c3wKDV83MkOuHPRHtSXKKU99IBazS/2w==",
      "license": "0BSD"
    },
    "node_modules/typescript": {
      "version": "6.0.3",
      "resolved": "https://registry.npmjs.org/typescript/-/typescript-6.0.3.tgz",
      "integrity": "sha512-y2TvuxSZPDyQakkFRPZHKFm+KKVqIisdg9/CZwm9ftvKXLP8NRWj38/ODjNbr43SsoXqNuAisEf1GdCxqWcdBw==",
      "dev": true,
      "license": "Apache-2.0",
      "bin": {
        "tsc": "bin/tsc",
        "tsserver": "bin/tsserver"
      },
      "engines": {
        "node": ">=14.17"
      }
    },
    "node_modules/undici-types": {
      "version": "8.3.0",
      "resolved": "https://registry.npmjs.org/undici-types/-/undici-types-8.3.0.tgz",
      "integrity": "sha512-j375ScV60dom+YkPFIfTLcOiPxkN/buHz5GobjLhixFuANaNs3C9l4GmrWqejgXWJ7BbJcFYpTEUkS1Ge8bpZQ==",
      "dev": true,
      "license": "MIT"
    }
  }
}
